
Microsoft Visual Studio Solution File, Format Version 12.00
# Visual Studio Version 16
VisualStudioVersion = 16.0.30204.135
MinimumVisualStudioVersion = 10.0.40219.1
Project("{9A19103F-16F7-4668-BE54-9A1E7A4F7556}") = "TeamsPresencePublisher", "TeamsPresencePublisher\TeamsPresencePublisher.csproj", "{91D23E61-7FDB-4827-8689-6B3C1DE80606}"
EndProject
Project("{2150E333-8FDC-42A3-9474-1A3956D46DE8}") = "Solution items", "Solution items", "{CC831837-16AD-42ED-87ED-BF23D62CE884}"
	ProjectSection(SolutionItems) = preProject
		.editorconfig = .editorconfig
		..\.gitattributes = ..\.gitattributes
		..\.gitignore = ..\.gitignore
		..\readme.md = ..\readme.md
	EndProjectSection
EndProject
Global
	GlobalSection(SolutionConfigurationPlatforms) = preSolution
		Debug|Any CPU = Debug|Any CPU
		Release|Any CPU = Release|Any CPU
	EndGlobalSection
	GlobalSection(ProjectConfigurationPlatforms) = postSolution
		{91D23E61-7FDB-4827-8689-6B3C1DE80606}.Debug|Any CPU.ActiveCfg = Debug|Any CPU
		{91D23E61-7FDB-4827-8689-6B3C1DE80606}.Debug|Any CPU.Build.0 = Debug|Any CPU
		{91D23E61-7FDB-4827-8689-6B3C1DE80606}.Release|Any CPU.ActiveCfg = Release|Any CPU
		{91D23E61-7FDB-4827-8689-6B3C1DE80606}.Release|Any CPU.Build.0 = Release|Any CPU
	EndGlobalSection
	GlobalSection(SolutionProperties) = preSolution
		HideSolutionNode = FALSE
	EndGlobalSection
	GlobalSection(ExtensibilityGlobals) = postSolution
		SolutionGuid = {CB30F6F3-2A35-4A90-AFDE-3CDA9DEFC22D}
	EndGlobalSection
EndGlobal
